
Microsoft Visual Studio Solution File, Format Version 12.00
# Visual Studio Version 17
VisualStudioVersion = 17.11.35303.130
MinimumVisualStudioVersion = 10.0.40219.1
Project("{FAE04EC0-301F-11D3-BF4B-00C04F79EFBC}") = "vizsga1", "vizsga1\vizsga1.csproj", "{FB297034-B690-4583-9393-89232B7B82B7}"
EndProject
Global
	GlobalSection(SolutionConfigurationPlatforms) = preSolution
		Debug|Any CPU = Debug|Any CPU
		Release|Any CPU = Release|Any CPU
	EndGlobalSection
	GlobalSection(ProjectConfigurationPlatforms) = postSolution
		{FB297034-B690-4583-9393-89232B7B82B7}.Debug|Any CPU.ActiveCfg = Debug|Any CPU
		{FB297034-B690-4583-9393-89232B7B82B7}.Debug|Any CPU.Build.0 = Debug|Any CPU
		{FB297034-B690-4583-9393-89232B7B82B7}.Release|Any CPU.ActiveCfg = Release|Any CPU
		{FB297034-B690-4583-9393-89232B7B82B7}.Release|Any CPU.Build.0 = Release|Any CPU
	EndGlobalSection
	GlobalSection(SolutionProperties) = preSolution
		HideSolutionNode = FALSE
	EndGlobalSection
	GlobalSection(ExtensibilityGlobals) = postSolution
		SolutionGuid = {A5F2CD3D-ABC7-4EC4-99BF-8240013B7976}
	EndGlobalSection
EndGlobal
